
Microsoft Visual Studio Solution File, Format Version 12.00
# Visual Studio Version 17
VisualStudioVersion = 17.14.36408.4 d17.14
MinimumVisualStudioVersion = 10.0.40219.1
Project("{FAE04EC0-301F-11D3-BF4B-00C04F79EFBC}") = "TicketPlatform.Domain", "TicketPlatform.Domain\TicketPlatform.Domain.csproj", "{C044B8C8-63A4-4955-8FD1-81A6C6C02444}"
EndProject
Project("{FAE04EC0-301F-11D3-BF4B-00C04F79EFBC}") = "TicketPlatform.Application", "TicketPlatform.Application\TicketPlatform.Application.csproj", "{210C6331-5294-4DCD-9C55-B3FB5E9EBBE2}"
EndProject
Project("{FAE04EC0-301F-11D3-BF4B-00C04F79EFBC}") = "TicketPlatform.Infrastructure", "TicketPlatform.Infrastructure\TicketPlatform.Infrastructure.csproj", "{665631EC-540C-422F-B9D7-1E662BDA95EC}"
EndProject
Project("{FAE04EC0-301F-11D3-BF4B-00C04F79EFBC}") = "API", "API\API.csproj", "{599683C1-7020-45B5-B5CC-1B212B54D10A}"
EndProject
Project("{FAE04EC0-301F-11D3-BF4B-00C04F79EFBC}") = "TicketPlatform.Worker", "TicketPlatform.Worker\TicketPlatform.Worker.csproj", "{0DFAE3F2-1BA1-44CE-9F19-482C4C8CE40F}"
EndProject
Global
	GlobalSection(SolutionConfigurationPlatforms) = preSolution
		Debug|Any CPU = Debug|Any CPU
		Release|Any CPU = Release|Any CPU
	EndGlobalSection
	GlobalSection(ProjectConfigurationPlatforms) = postSolution
		{C044B8C8-63A4-4955-8FD1-81A6C6C02444}.Debug|Any CPU.ActiveCfg = Debug|Any CPU
		{C044B8C8-63A4-4955-8FD1-81A6C6C02444}.Debug|Any CPU.Build.0 = Debug|Any CPU
		{C044B8C8-63A4-4955-8FD1-81A6C6C02444}.Release|Any CPU.ActiveCfg = Release|Any CPU
		{C044B8C8-63A4-4955-8FD1-81A6C6C02444}.Release|Any CPU.Build.0 = Release|Any CPU
		{210C6331-5294-4DCD-9C55-B3FB5E9EBBE2}.Debug|Any CPU.ActiveCfg = Debug|Any CPU
		{210C6331-5294-4DCD-9C55-B3FB5E9EBBE2}.Debug|Any CPU.Build.0 = Debug|Any CPU
		{210C6331-5294-4DCD-9C55-B3FB5E9EBBE2}.Release|Any CPU.ActiveCfg = Release|Any CPU
		{210C6331-5294-4DCD-9C55-B3FB5E9EBBE2}.Release|Any CPU.Build.0 = Release|Any CPU
		{665631EC-540C-422F-B9D7-1E662BDA95EC}.Debug|Any CPU.ActiveCfg = Debug|Any CPU
		{665631EC-540C-422F-B9D7-1E662BDA95EC}.Debug|Any CPU.Build.0 = Debug|Any CPU
		{665631EC-540C-422F-B9D7-1E662BDA95EC}.Release|Any CPU.ActiveCfg = Release|Any CPU
		{665631EC-540C-422F-B9D7-1E662BDA95EC}.Release|Any CPU.Build.0 = Release|Any CPU
		{599683C1-7020-45B5-B5CC-1B212B54D10A}.Debug|Any CPU.ActiveCfg = Debug|Any CPU
		{599683C1-7020-45B5-B5CC-1B212B54D10A}.Debug|Any CPU.Build.0 = Debug|Any CPU
		{599683C1-7020-45B5-B5CC-1B212B54D10A}.Release|Any CPU.ActiveCfg = Release|Any CPU
		{599683C1-7020-45B5-B5CC-1B212B54D10A}.Release|Any CPU.Build.0 = Release|Any CPU
		{0DFAE3F2-1BA1-44CE-9F19-482C4C8CE40F}.Debug|Any CPU.ActiveCfg = Debug|Any CPU
		{0DFAE3F2-1BA1-44CE-9F19-482C4C8CE40F}.Debug|Any CPU.Build.0 = Debug|Any CPU
		{0DFAE3F2-1BA1-44CE-9F19-482C4C8CE40F}.Release|Any CPU.ActiveCfg = Release|Any CPU
		{0DFAE3F2-1BA1-44CE-9F19-482C4C8CE40F}.Release|Any CPU.Build.0 = Release|Any CPU
	EndGlobalSection
	GlobalSection(SolutionProperties) = preSolution
		HideSolutionNode = FALSE
	EndGlobalSection
	GlobalSection(ExtensibilityGlobals) = postSolution
		SolutionGuid = {4BB4CEF7-FB7F-45C4-95C9-AAD9B824C4EB}
	EndGlobalSection
EndGlobal
